// !$*UTF8*$!
{
	archiveVersion = 1;
	classes = {
	};
	objectVersion = 56;
	objects = {

/* Begin PBXBuildFile section */
		51F3DA7B2987B25700A72273 /* AppDelegate.swift in Sources */ = {isa = PBXBuildFile; fileRef = 51F3DA7A2987B25700A72273 /* AppDelegate.swift */; };
		51F3DA7D2987B25700A72273 /* SceneDelegate.swift in Sources */ = {isa = PBXBuildFile; fileRef = 51F3DA7C2987B25700A72273 /* SceneDelegate.swift */; };
		51F3DA7F2987B25700A72273 /* ViewController.swift in Sources */ = {isa = PBXBuildFile; fileRef = 51F3DA7E2987B25700A72273 /* ViewController.swift */; };
		51F3DA842987B25900A72273 /* Assets.xcassets in Resources */ = {isa = PBXBuildFile; fileRef = 51F3DA832987B25900A72273 /* Assets.xcassets */; };
		51F3DA872987B25900A72273 /* LaunchScreen.storyboard in Resources */ = {isa = PBXBuildFile; fileRef = 51F3DA852987B25900A72273 /* LaunchScreen.storyboard */; };
		51F3DA8F2988A96000A72273 /* CustomCell.swift in Sources */ = {isa = PBXBuildFile; fileRef = 51F3DA8E2988A96000A72273 /* CustomCell.swift */; };
		51F3DA932988C9AB00A72273 /* NetworkManager.swift in Sources */ = {isa = PBXBuildFile; fileRef = 51F3DA922988C9AB00A72273 /* NetworkManager.swift */; };
		51F3DA972988CADC00A72273 /* Movie.swift in Sources */ = {isa = PBXBuildFile; fileRef = 51F3DA962988CADC00A72273 /* Movie.swift */; };
		51F3DA9A2988CB1B00A72273 /* MovieViewModel.swift in Sources */ = {isa = PBXBuildFile; fileRef = 51F3DA992988CB1B00A72273 /* MovieViewModel.swift */; };
		51F3DA9D2988E19300A72273 /* UIImageViewExtension.swift in Sources */ = {isa = PBXBuildFile; fileRef = 51F3DA9C2988E19300A72273 /* UIImageViewExtension.swift */; };
		51F3DAA12989455E00A72273 /* MovieDetailsViewController.swift in Sources */ = {isa = PBXBuildFile; fileRef = 51F3DAA02989455E00A72273 /* MovieDetailsViewController.swift */; };
		51F3DAA3298A0F2C00A72273 /* Videos.swift in Sources */ = {isa = PBXBuildFile; fileRef = 51F3DAA2298A0F2C00A72273 /* Videos.swift */; };
		51F3DAA5298A56FB00A72273 /* SearchViewController.swift in Sources */ = {isa = PBXBuildFile; fileRef = 51F3DAA4298A56FB00A72273 /* SearchViewController.swift */; };
		51F3DAA7298B827C00A72273 /* TabBarViewController.swift in Sources */ = {isa = PBXBuildFile; fileRef = 51F3DAA6298B827C00A72273 /* TabBarViewController.swift */; };
/* End PBXBuildFile section */

/* Begin PBXFileReference section */
		51F3DA772987B25700A72273 /* Movie App UIKit Programmatically.app */ = {isa = PBXFileReference; explicitFileType = wrapper.application; includeInIndex = 0; path = "Movie App UIKit Programmatically.app"; sourceTree = BUILT_PRODUCTS_DIR; };
		51F3DA7A2987B25700A72273 /* AppDelegate.swift */ = {isa = PBXFileReference; lastKnownFileType = sourcecode.swift; path = AppDelegate.swift; sourceTree = "<group>"; };
		51F3DA7C2987B25700A72273 /* SceneDelegate.swift */ = {isa = PBXFileReference; lastKnownFileType = sourcecode.swift; path = SceneDelegate.swift; sourceTree = "<group>"; };
		51F3DA7E2987B25700A72273 /* ViewController.swift */ = {isa = PBXFileReference; lastKnownFileType = sourcecode.swift; path = ViewController.swift; sourceTree = "<group>"; };
		51F3DA832987B25900A72273 /* Assets.xcassets */ = {isa = PBXFileReference; lastKnownFileType = folder.assetcatalog; path = Assets.xcassets; sourceTree = "<group>"; };
		51F3DA862987B25900A72273 /* Base */ = {isa = PBXFileReference; lastKnownFileType = file.storyboard; name = Base; path = Base.lproj/LaunchScreen.storyboard; sourceTree = "<group>"; };
		51F3DA882987B25900A72273 /* Info.plist */ = {isa = PBXFileReference; lastKnownFileType = text.plist.xml; path = Info.plist; sourceTree = "<group>"; };
		51F3DA8E2988A96000A72273 /* CustomCell.swift */ = {isa = PBXFileReference; lastKnownFileType = sourcecode.swift; path = CustomCell.swift; sourceTree = "<group>"; };
		51F3DA922988C9AB00A72273 /* NetworkManager.swift */ = {isa = PBXFileReference; lastKnownFileType = sourcecode.swift; path = NetworkManager.swift; sourceTree = "<group>"; };
		51F3DA962988CADC00A72273 /* Movie.swift */ = {isa = PBXFileReference; lastKnownFileType = sourcecode.swift; path = Movie.swift; sourceTree = "<group>"; };
		51F3DA992988CB1B00A72273 /* MovieViewModel.swift */ = {isa = PBXFileReference; lastKnownFileType = sourcecode.swift; path = MovieViewModel.swift; sourceTree = "<group>"; };
		51F3DA9C2988E19300A72273 /* UIImageViewExtension.swift */ = {isa = PBXFileReference; lastKnownFileType = sourcecode.swift; path = UIImageViewExtension.swift; sourceTree = "<group>"; };
		51F3DAA02989455E00A72273 /* MovieDetailsViewController.swift */ = {isa = PBXFileReference; lastKnownFileType = sourcecode.swift; path = MovieDetailsViewController.swift; sourceTree = "<group>"; };
		51F3DAA2298A0F2C00A72273 /* Videos.swift */ = {isa = PBXFileReference; lastKnownFileType = sourcecode.swift; path = Videos.swift; sourceTree = "<group>"; };
		51F3DAA4298A56FB00A72273 /* SearchViewController.swift */ = {isa = PBXFileReference; lastKnownFileType = sourcecode.swift; path = SearchViewController.swift; sourceTree = "<group>"; };
		51F3DAA6298B827C00A72273 /* TabBarViewController.swift */ = {isa = PBXFileReference; lastKnownFileType = sourcecode.swift; path = TabBarViewController.swift; sourceTree = "<group>"; };
/* End PBXFileReference section */

/* Begin PBXFrameworksBuildPhase section */
		51F3DA742987B25700A72273 /* Frameworks */ = {
			isa = PBXFrameworksBuildPhase;
			buildActionMask = 2147483647;
			files = (
			);
			runOnlyForDeploymentPostprocessing = 0;
		};
/* End PBXFrameworksBuildPhase section */

/* Begin PBXGroup section */
		51F3DA6E2987B25700A72273 = {
			isa = PBXGroup;
			children = (
				51F3DA792987B25700A72273 /* Movie App UIKit Programmatically */,
				51F3DA782987B25700A72273 /* Products */,
			);
			sourceTree = "<group>";
		};
		51F3DA782987B25700A72273 /* Products */ = {
			isa = PBXGroup;
			children = (
				51F3DA772987B25700A72273 /* Movie App UIKit Programmatically.app */,
			);
			name = Products;
			sourceTree = "<group>";
		};
		51F3DA792987B25700A72273 /* Movie App UIKit Programmatically */ = {
			isa = PBXGroup;
			children = (
				51F3DA7A2987B25700A72273 /* AppDelegate.swift */,
				51F3DA7C2987B25700A72273 /* SceneDelegate.swift */,
				51F3DA9B2988E17C00A72273 /* Extensions */,
				51F3DA952988CAB900A72273 /* Model */,
				51F3DA942988C9B600A72273 /* Network */,
				51F3DA902988C91200A72273 /* View */,
				51F3DA982988CAF600A72273 /* ViewModel */,
				51F3DA832987B25900A72273 /* Assets.xcassets */,
				51F3DA852987B25900A72273 /* LaunchScreen.storyboard */,
				51F3DA882987B25900A72273 /* Info.plist */,
			);
			path = "Movie App UIKit Programmatically";
			sourceTree = "<group>";
		};
		51F3DA902988C91200A72273 /* View */ = {
			isa = PBXGroup;
			children = (
				51F3DA7E2987B25700A72273 /* ViewController.swift */,
				51F3DA8E2988A96000A72273 /* CustomCell.swift */,
				51F3DAA02989455E00A72273 /* MovieDetailsViewController.swift */,
				51F3DAA4298A56FB00A72273 /* SearchViewController.swift */,
				51F3DAA6298B827C00A72273 /* TabBarViewController.swift */,
			);
			path = View;
			sourceTree = "<group>";
		};
		51F3DA942988C9B600A72273 /* Network */ = {
			isa = PBXGroup;
			children = (
				51F3DA922988C9AB00A72273 /* NetworkManager.swift */,
			);
			path = Network;
			sourceTree = "<group>";
		};
		51F3DA952988CAB900A72273 /* Model */ = {
			isa = PBXGroup;
			children = (
				51F3DA962988CADC00A72273 /* Movie.swift */,
				51F3DAA2298A0F2C00A72273 /* Videos.swift */,
			);
			path = Model;
			sourceTree = "<group>";
		};
		51F3DA982988CAF600A72273 /* ViewModel */ = {
			isa = PBXGroup;
			children = (
				51F3DA992988CB1B00A72273 /* MovieViewModel.swift */,
			);
			path = ViewModel;
			sourceTree = "<group>";
		};
		51F3DA9B2988E17C00A72273 /* Extensions */ = {
			isa = PBXGroup;
			children = (
				51F3DA9C2988E19300A72273 /* UIImageViewExtension.swift */,
			);
			path = Extensions;
			sourceTree = "<group>";
		};
/* End PBXGroup section */

/* Begin PBXNativeTarget section */
		51F3DA762987B25700A72273 /* Movie App UIKit Programmatically */ = {
			isa = PBXNativeTarget;
			buildConfigurationList = 51F3DA8B2987B25900A72273 /* Build configuration list for PBXNativeTarget "Movie App UIKit Programmatically" */;
			buildPhases = (
				51F3DA732987B25700A72273 /* Sources */,
				51F3DA742987B25700A72273 /* Frameworks */,
				51F3DA752987B25700A72273 /* Resources */,
			);
			buildRules = (
			);
			dependencies = (
			);
			name = "Movie App UIKit Programmatically";
			productName = "Movie App UIKit Programmatically";
			productReference = 51F3DA772987B25700A72273 /* Movie App UIKit Programmatically.app */;
			productType = "com.apple.product-type.application";
		};
/* End PBXNativeTarget section */

/* Begin PBXProject section */
		51F3DA6F2987B25700A72273 /* Project object */ = {
			isa = PBXProject;
			attributes = {
				BuildIndependentTargetsInParallel = 1;
				LastSwiftUpdateCheck = 1420;
				LastUpgradeCheck = 1420;
				TargetAttributes = {
					51F3DA762987B25700A72273 = {
						CreatedOnToolsVersion = 14.2;
					};
				};
			};
			buildConfigurationList = 51F3DA722987B25700A72273 /* Build configuration list for PBXProject "Movie App UIKit Programmatically" */;
			compatibilityVersion = "Xcode 14.0";
			developmentRegion = en;
			hasScannedForEncodings = 0;
			knownRegions = (
				en,
				Base,
			);
			mainGroup = 51F3DA6E2987B25700A72273;
			productRefGroup = 51F3DA782987B25700A72273 /* Products */;
			projectDirPath = "";
			projectRoot = "";
			targets = (
				51F3DA762987B25700A72273 /* Movie App UIKit Programmatically */,
			);
		};
/* End PBXProject section */

/* Begin PBXResourcesBuildPhase section */
		51F3DA752987B25700A72273 /* Resources */ = {
			isa = PBXResourcesBuildPhase;
			buildActionMask = 2147483647;
			files = (
				51F3DA872987B25900A72273 /* LaunchScreen.storyboard in Resources */,
				51F3DA842987B25900A72273 /* Assets.xcassets in Resources */,
			);
			runOnlyForDeploymentPostprocessing = 0;
		};
/* End PBXResourcesBuildPhase section */

/* Begin PBXSourcesBuildPhase section */
		51F3DA732987B25700A72273 /* Sources */ = {
			isa = PBXSourcesBuildPhase;
			buildActionMask = 2147483647;
			files = (
				51F3DA7F2987B25700A72273 /* ViewController.swift in Sources */,
				51F3DAA5298A56FB00A72273 /* SearchViewController.swift in Sources */,
				51F3DA7B2987B25700A72273 /* AppDelegate.swift in Sources */,
				51F3DAA12989455E00A72273 /* MovieDetailsViewController.swift in Sources */,
				51F3DAA7298B827C00A72273 /* TabBarViewController.swift in Sources */,
				51F3DAA3298A0F2C00A72273 /* Videos.swift in Sources */,
				51F3DA972988CADC00A72273 /* Movie.swift in Sources */,
				51F3DA932988C9AB00A72273 /* NetworkManager.swift in Sources */,
				51F3DA8F2988A96000A72273 /* CustomCell.swift in Sources */,
				51F3DA9A2988CB1B00A72273 /* MovieViewModel.swift in Sources */,
				51F3DA9D2988E19300A72273 /* UIImageViewExtension.swift in Sources */,
				51F3DA7D2987B25700A72273 /* SceneDelegate.swift in Sources */,
			);
			runOnlyForDeploymentPostprocessing = 0;
		};
/* End PBXSourcesBuildPhase section */

/* Begin PBXVariantGroup section */
		51F3DA852987B25900A72273 /* LaunchScreen.storyboard */ = {
			isa = PBXVariantGroup;
			children = (
				51F3DA862987B25900A72273 /* Base */,
			);
			name = LaunchScreen.storyboard;
			sourceTree = "<group>";
		};
/* End PBXVariantGroup section */

/* Begin XCBuildConfiguration section */
		51F3DA892987B25900A72273 /* Debug */ = {
			isa = XCBuildConfiguration;
			buildSettings = {
				ALWAYS_SEARCH_USER_PATHS = NO;
				CLANG_ANALYZER_NONNULL = YES;
				CLANG_ANALYZER_NUMBER_OBJECT_CONVERSION = YES_AGGRESSIVE;
				CLANG_CXX_LANGUAGE_STANDARD = "gnu++20";
				CLANG_ENABLE_MODULES = YES;
				CLANG_ENABLE_OBJC_ARC = YES;
				CLANG_ENABLE_OBJC_WEAK = YES;
				CLANG_WARN_BLOCK_CAPTURE_AUTORELEASING = YES;
				CLANG_WARN_BOOL_CONVERSION = YES;
				CLANG_WARN_COMMA = YES;
				CLANG_WARN_CONSTANT_CONVERSION = YES;
				CLANG_WARN_DEPRECATED_OBJC_IMPLEMENTATIONS = YES;
				CLANG_WARN_DIRECT_OBJC_ISA_USAGE = YES_ERROR;
				CLANG_WARN_DOCUMENTATION_COMMENTS = YES;
				CLANG_WARN_EMPTY_BODY = YES;
				CLANG_WARN_ENUM_CONVERSION = YES;
				CLANG_WARN_INFINITE_RECURSION = YES;
				CLANG_WARN_INT_CONVERSION = YES;
				CLANG_WARN_NON_LITERAL_NULL_CONVERSION = YES;
				CLANG_WARN_OBJC_IMPLICIT_RETAIN_SELF = YES;
				CLANG_WARN_OBJC_LITERAL_CONVERSION = YES;
				CLANG_WARN_OBJC_ROOT_CLASS = YES_ERROR;
				CLANG_WARN_QUOTED_INCLUDE_IN_FRAMEWORK_HEADER = YES;
				CLANG_WARN_RANGE_LOOP_ANALYSIS = YES;
				CLANG_WARN_STRICT_PROTOTYPES = YES;
				CLANG_WARN_SUSPICIOUS_MOVE = YES;
				CLANG_WARN_UNGUARDED_AVAILABILITY = YES_AGGRESSIVE;
				CLANG_WARN_UNREACHABLE_CODE = YES;
				CLANG_WARN__DUPLICATE_METHOD_MATCH = YES;
				COPY_PHASE_STRIP = NO;
				DEBUG_INFORMATION_FORMAT = dwarf;
				ENABLE_STRICT_OBJC_MSGSEND = YES;
				ENABLE_TESTABILITY = YES;
				GCC_C_LANGUAGE_STANDARD = gnu11;
				GCC_DYNAMIC_NO_PIC = NO;
				GCC_NO_COMMON_BLOCKS = YES;
				GCC_OPTIMIZATION_LEVEL = 0;
				GCC_PREPROCESSOR_DEFINITIONS = (
					"DEBUG=1",
					"$(inherited)",
				);
				GCC_WARN_64_TO_32_BIT_CONVERSION = YES;
				GCC_WARN_ABOUT_RETURN_TYPE = YES_ERROR;
				GCC_WARN_UNDECLARED_SELECTOR = YES;
				GCC_WARN_UNINITIALIZED_AUTOS = YES_AGGRESSIVE;
				GCC_WARN_UNUSED_FUNCTION = YES;
				GCC_WARN_UNUSED_VARIABLE = YES;
				IPHONEOS_DEPLOYMENT_TARGET = 16.2;
				MTL_ENABLE_DEBUG_INFO = INCLUDE_SOURCE;
				MTL_FAST_MATH = YES;
				ONLY_ACTIVE_ARCH = YES;
				SDKROOT = iphoneos;
				SWIFT_ACTIVE_COMPILATION_CONDITIONS = DEBUG;
				SWIFT_OPTIMIZATION_LEVEL = "-Onone";
			};
			name = Debug;
		};
		51F3DA8A2987B25900A72273 /* Release */ = {
			isa = XCBuildConfiguration;
			buildSettings = {
				ALWAYS_SEARCH_USER_PATHS = NO;
				CLANG_ANALYZER_NONNULL = YES;
				CLANG_ANALYZER_NUMBER_OBJECT_CONVERSION = YES_AGGRESSIVE;
				CLANG_CXX_LANGUAGE_STANDARD = "gnu++20";
				CLANG_ENABLE_MODULES = YES;
				CLANG_ENABLE_OBJC_ARC = YES;
				CLANG_ENABLE_OBJC_WEAK = YES;
				CLANG_WARN_BLOCK_CAPTURE_AUTORELEASING = YES;
				CLANG_WARN_BOOL_CONVERSION = YES;
				CLANG_WARN_COMMA = YES;
				CLANG_WARN_CONSTANT_CONVERSION = YES;
				CLANG_WARN_DEPRECATED_OBJC_IMPLEMENTATIONS = YES;
				CLANG_WARN_DIRECT_OBJC_ISA_USAGE = YES_ERROR;
				CLANG_WARN_DOCUMENTATION_COMMENTS = YES;
				CLANG_WARN_EMPTY_BODY = YES;
				CLANG_WARN_ENUM_CONVERSION = YES;
				CLANG_WARN_INFINITE_RECURSION = YES;
				CLANG_WARN_INT_CONVERSION = YES;
				CLANG_WARN_NON_LITERAL_NULL_CONVERSION = YES;
				CLANG_WARN_OBJC_IMPLICIT_RETAIN_SELF = YES;
				CLANG_WARN_OBJC_LITERAL_CONVERSION = YES;
				CLANG_WARN_OBJC_ROOT_CLASS = YES_ERROR;
				CLANG_WARN_QUOTED_INCLUDE_IN_FRAMEWORK_HEADER = YES;
				CLANG_WARN_RANGE_LOOP_ANALYSIS = YES;
				CLANG_WARN_STRICT_PROTOTYPES = YES;
				CLANG_WARN_SUSPICIOUS_MOVE = YES;
				CLANG_WARN_UNGUARDED_AVAILABILITY = YES_AGGRESSIVE;
				CLANG_WARN_UNREACHABLE_CODE = YES;
				CLANG_WARN__DUPLICATE_METHOD_MATCH = YES;
				COPY_PHASE_STRIP = NO;
				DEBUG_INFORMATION_FORMAT = "dwarf-with-dsym";
				ENABLE_NS_ASSERTIONS = NO;
				ENABLE_STRICT_OBJC_MSGSEND = YES;
				GCC_C_LANGUAGE_STANDARD = gnu11;
				GCC_NO_COMMON_BLOCKS = YES;
				GCC_WARN_64_TO_32_BIT_CONVERSION = YES;
				GCC_WARN_ABOUT_RETURN_TYPE = YES_ERROR;
				GCC_WARN_UNDECLARED_SELECTOR = YES;
				GCC_WARN_UNINITIALIZED_AUTOS = YES_AGGRESSIVE;
				GCC_WARN_UNUSED_FUNCTION = YES;
				GCC_WARN_UNUSED_VARIABLE = YES;
				IPHONEOS_DEPLOYMENT_TARGET = 16.2;
				MTL_ENABLE_DEBUG_INFO = NO;
				MTL_FAST_MATH = YES;
				SDKROOT = iphoneos;
				SWIFT_COMPILATION_MODE = wholemodule;
				SWIFT_OPTIMIZATION_LEVEL = "-O";
				VALIDATE_PRODUCT = YES;
			};
			name = Release;
		};
		51F3DA8C2987B25900A72273 /* Debug */ = {
			isa = XCBuildConfiguration;
			buildSettings = {
				ASSETCATALOG_COMPILER_APPICON_NAME = AppIcon;
				ASSETCATALOG_COMPILER_GLOBAL_ACCENT_COLOR_NAME = AccentColor;
				CODE_SIGN_STYLE = Automatic;
				CURRENT_PROJECT_VERSION = 1;
				DEVELOPMENT_TEAM = SHR59DG262;
				GENERATE_INFOPLIST_FILE = YES;
				INFOPLIST_FILE = "Movie App UIKit Programmatically/Info.plist";
				INFOPLIST_KEY_UIApplicationSupportsIndirectInputEvents = YES;
				INFOPLIST_KEY_UILaunchStoryboardName = LaunchScreen;
				INFOPLIST_KEY_UISupportedInterfaceOrientations = UIInterfaceOrientationPortrait;
				INFOPLIST_KEY_UISupportedInterfaceOrientations_iPad = "UIInterfaceOrientationLandscapeLeft UIInterfaceOrientationLandscapeRight UIInterfaceOrientationPortrait UIInterfaceOrientationPortraitUpsideDown";
				LD_RUNPATH_SEARCH_PATHS = (
					"$(inherited)",
					"@executable_path/Frameworks",
				);
				MARKETING_VERSION = 1.0;
				PRODUCT_BUNDLE_IDENTIFIER = "com.jonathanRicky.Movie-App-UIKit-Programmatically";
				PRODUCT_NAME = "$(TARGET_NAME)";
				SWIFT_EMIT_LOC_STRINGS = YES;
				SWIFT_VERSION = 5.0;
				TARGETED_DEVICE_FAMILY = "1,2";
			};
			name = Debug;
		};
		51F3DA8D2987B25900A72273 /* Release */ = {
			isa = XCBuildConfiguration;
			buildSettings = {
				ASSETCATALOG_COMPILER_APPICON_NAME = AppIcon;
				ASSETCATALOG_COMPILER_GLOBAL_ACCENT_COLOR_NAME = AccentColor;
				CODE_SIGN_STYLE = Automatic;
				CURRENT_PROJECT_VERSION = 1;
				DEVELOPMENT_TEAM = SHR59DG262;
				GENERATE_INFOPLIST_FILE = YES;
				INFOPLIST_FILE = "Movie App UIKit Programmatically/Info.plist";
				INFOPLIST_KEY_UIApplicationSupportsIndirectInputEvents = YES;
				INFOPLIST_KEY_UILaunchStoryboardName = LaunchScreen;
				INFOPLIST_KEY_UISupportedInterfaceOrientations = UIInterfaceOrientationPortrait;
				INFOPLIST_KEY_UISupportedInterfaceOrientations_iPad = "UIInterfaceOrientationLandscapeLeft UIInterfaceOrientationLandscapeRight UIInterfaceOrientationPortrait UIInterfaceOrientationPortraitUpsideDown";
				LD_RUNPATH_SEARCH_PATHS = (
					"$(inherited)",
					"@executable_path/Frameworks",
				);
				MARKETING_VERSION = 1.0;
				PRODUCT_BUNDLE_IDENTIFIER = "com.jonathanRicky.Movie-App-UIKit-Programmatically";
				PRODUCT_NAME = "$(TARGET_NAME)";
				SWIFT_EMIT_LOC_STRINGS = YES;
				SWIFT_VERSION = 5.0;
				TARGETED_DEVICE_FAMILY = "1,2";
			};
			name = Release;
		};
/* End XCBuildConfiguration section */

/* Begin XCConfigurationList section */
		51F3DA722987B25700A72273 /* Build configuration list for PBXProject "Movie App UIKit Programmatically" */ = {
			isa = XCConfigurationList;
			buildConfigurations = (
				51F3DA892987B25900A72273 /* Debug */,
				51F3DA8A2987B25900A72273 /* Release */,
			);
			defaultConfigurationIsVisible = 0;
			defaultConfigurationName = Release;
		};
		51F3DA8B2987B25900A72273 /* Build configuration list for PBXNativeTarget "Movie App UIKit Programmatically" */ = {
			isa = XCConfigurationList;
			buildConfigurations = (
				51F3DA8C2987B25900A72273 /* Debug */,
				51F3DA8D2987B25900A72273 /* Release */,
			);
			defaultConfigurationIsVisible = 0;
			defaultConfigurationName = Release;
		};
/* End XCConfigurationList section */
	};
	rootObject = 51F3DA6F2987B25700A72273 /* Project object */;
}
